PODS:
  - AlignedCollectionViewFlowLayout (1.2.0.1)

DEPENDENCIES:
  - AlignedCollectionViewFlowLayout (from `../`)

EXTERNAL SOURCES:
  AlignedCollectionViewFlowLayout:
    :path: "../"

SPEC CHECKSUMS:
  AlignedCollectionViewFlowLayout: 95b9d6979830484b4da13605e508fb68da2e2357

PODFILE CHECKSUM: 16442ef7782a2fd0ffb8052cfb7501decb8f5d9c

COCOAPODS: 1.11.3
